<?xml version="1.0" encoding="utf-8"?>
<Project ToolsVersion="4.0" xmlns="http://schemas.microsoft.com/developer/msbuild/2003">
  <ItemGroup>
    <Filter Include="源文件">
      <UniqueIdentifier>{4FC737F1-C7A5-4376-A066-2A32D752A2FF}</UniqueIdentifier>
      <Extensions>cpp;c;cc;cxx;def;odl;idl;hpj;bat;asm;asmx</Extensions>
    </Filter>
    <Filter Include="头文件">
      <UniqueIdentifier>{93995380-89BD-4b04-88EB-625FBE52EBFB}</UniqueIdentifier>
      <Extensions>h;hh;hpp;hxx;hm;inl;inc;ipp;xsd</Extensions>
    </Filter>
    <Filter Include="资源文件">
      <UniqueIdentifier>{67DA6AB6-F800-4c08-8B7A-83BB121AAD01}</UniqueIdentifier>
      <Extensions>rc;ico;cur;bmp;dlg;rc2;rct;bin;rgs;gif;jpg;jpeg;jpe;resx;tiff;tif;png;wav;mfcribbon-ms</Extensions>
    </Filter>
    <Filter Include="src">
      <UniqueIdentifier>{9780fac0-55b5-4a5c-853e-d1953cc1e999}</UniqueIdentifier>
    </Filter>
    <Filter Include="src\app">
      <UniqueIdentifier>{4c1bb641-5ce3-4657-a609-2f64f2cf78a8}</UniqueIdentifier>
    </Filter>
    <Filter Include="src\common">
      <UniqueIdentifier>{8a6c10a5-6426-4ecf-91b5-7256563b72db}</UniqueIdentifier>
    </Filter>
    <Filter Include="src\platform">
      <UniqueIdentifier>{ff0273f9-efa3-4b40-89de-61914c6fab32}</UniqueIdentifier>
    </Filter>
    <Filter Include="external">
      <UniqueIdentifier>{55db51bf-e959-42f7-b3c4-fe3fa81c0d12}</UniqueIdentifier>
    </Filter>
    <Filter Include="external\rapidjson">
      <UniqueIdentifier>{6a0ee21d-2935-40f8-adec-5bb5d6e2e069}</UniqueIdentifier>
    </Filter>
    <Filter Include="src\context">
      <UniqueIdentifier>{e285117d-8320-4702-8949-1f79d21db0e0}</UniqueIdentifier>
    </Filter>
    <Filter Include="src\renderer">
      <UniqueIdentifier>{18541964-eeec-4749-b8e1-fe95a904384e}</UniqueIdentifier>
    </Filter>
    <Filter Include="external\glad">
      <UniqueIdentifier>{14ba7ee4-ad86-423a-aeee-6d4bc3d40308}</UniqueIdentifier>
    </Filter>
    <Filter Include="src\resources">
      <UniqueIdentifier>{e75eab2c-82a7-403c-a09a-4fd518464ace}</UniqueIdentifier>
    </Filter>
    <Filter Include="external\stb">
      <UniqueIdentifier>{e5050046-c445-4188-b754-3778eb71a61e}</UniqueIdentifier>
    </Filter>
    <Filter Include="src\context\component">
      <UniqueIdentifier>{1898c97d-37d4-4fa8-a5b3-acaa793203c0}</UniqueIdentifier>
    </Filter>
  </ItemGroup>
  <ItemGroup>
    <ClInclude Include="src\app\App3D.h">
      <Filter>src\app</Filter>
    </ClInclude>
    <ClInclude Include="src\platform\IDeviceRenderContext.h">
      <Filter>src\platform</Filter>
    </ClInclude>
    <ClInclude Include="src\common\AuroraDef.h">
      <Filter>src\common</Filter>
    </ClInclude>
    <ClInclude Include="src\platform\Window.h">
      <Filter>src\platform</Filter>
    </ClInclude>
    <ClInclude Include="src\platform\OGLDeviceContext.h">
      <Filter>src\platform</Filter>
    </ClInclude>
    <ClInclude Include="src\common\Config.h">
      <Filter>src\common</Filter>
    </ClInclude>
    <ClInclude Include="..\..\external\rapidjson\allocators.h">
      <Filter>external\rapidjson</Filter>
    </ClInclude>
    <ClInclude Include="..\..\external\rapidjson\document.h">
      <Filter>external\rapidjson</Filter>
    </ClInclude>
    <ClInclude Include="..\..\external\rapidjson\encodedstream.h">
      <Filter>external\rapidjson</Filter>
    </ClInclude>
    <ClInclude Include="..\..\external\rapidjson\encodings.h">
      <Filter>external\rapidjson</Filter>
    </ClInclude>
    <ClInclude Include="..\..\external\rapidjson\filereadstream.h">
      <Filter>external\rapidjson</Filter>
    </ClInclude>
    <ClInclude Include="..\..\external\rapidjson\filewritestream.h">
      <Filter>external\rapidjson</Filter>
    </ClInclude>
    <ClInclude Include="..\..\external\rapidjson\fwd.h">
      <Filter>external\rapidjson</Filter>
    </ClInclude>
    <ClInclude Include="..\..\external\rapidjson\istreamwrapper.h">
      <Filter>external\rapidjson</Filter>
    </ClInclude>
    <ClInclude Include="..\..\external\rapidjson\memorybuffer.h">
      <Filter>external\rapidjson</Filter>
    </ClInclude>
    <ClInclude Include="..\..\external\rapidjson\memorystream.h">
      <Filter>external\rapidjson</Filter>
    </ClInclude>
    <ClInclude Include="..\..\external\rapidjson\ostreamwrapper.h">
      <Filter>external\rapidjson</Filter>
    </ClInclude>
    <ClInclude Include="..\..\external\rapidjson\pointer.h">
      <Filter>external\rapidjson</Filter>
    </ClInclude>
    <ClInclude Include="..\..\external\rapidjson\prettywriter.h">
      <Filter>external\rapidjson</Filter>
    </ClInclude>
    <ClInclude Include="..\..\external\rapidjson\rapidjson.h">
      <Filter>external\rapidjson</Filter>
    </ClInclude>
    <ClInclude Include="..\..\external\rapidjson\reader.h">
      <Filter>external\rapidjson</Filter>
    </ClInclude>
    <ClInclude Include="..\..\external\rapidjson\schema.h">
      <Filter>external\rapidjson</Filter>
    </ClInclude>
    <ClInclude Include="..\..\external\rapidjson\stream.h">
      <Filter>external\rapidjson</Filter>
    </ClInclude>
    <ClInclude Include="..\..\external\rapidjson\stringbuffer.h">
      <Filter>external\rapidjson</Filter>
    </ClInclude>
    <ClInclude Include="..\..\external\rapidjson\writer.h">
      <Filter>external\rapidjson</Filter>
    </ClInclude>
    <ClInclude Include="..\..\external\rapidjson\error\en.h">
      <Filter>external\rapidjson</Filter>
    </ClInclude>
    <ClInclude Include="..\..\external\rapidjson\error\error.h">
      <Filter>external\rapidjson</Filter>
    </ClInclude>
    <ClInclude Include="..\..\external\rapidjson\internal\biginteger.h">
      <Filter>external\rapidjson</Filter>
    </ClInclude>
    <ClInclude Include="..\..\external\rapidjson\internal\diyfp.h">
      <Filter>external\rapidjson</Filter>
    </ClInclude>
    <ClInclude Include="..\..\external\rapidjson\internal\dtoa.h">
      <Filter>external\rapidjson</Filter>
    </ClInclude>
    <ClInclude Include="..\..\external\rapidjson\internal\ieee754.h">
      <Filter>external\rapidjson</Filter>
    </ClInclude>
    <ClInclude Include="..\..\external\rapidjson\internal\itoa.h">
      <Filter>external\rapidjson</Filter>
    </ClInclude>
    <ClInclude Include="..\..\external\rapidjson\internal\meta.h">
      <Filter>external\rapidjson</Filter>
    </ClInclude>
    <ClInclude Include="..\..\external\rapidjson\internal\pow10.h">
      <Filter>external\rapidjson</Filter>
    </ClInclude>
    <ClInclude Include="..\..\external\rapidjson\internal\regex.h">
      <Filter>external\rapidjson</Filter>
    </ClInclude>
    <ClInclude Include="..\..\external\rapidjson\internal\stack.h">
      <Filter>external\rapidjson</Filter>
    </ClInclude>
    <ClInclude Include="..\..\external\rapidjson\internal\strfunc.h">
      <Filter>external\rapidjson</Filter>
    </ClInclude>
    <ClInclude Include="..\..\external\rapidjson\internal\strtod.h">
      <Filter>external\rapidjson</Filter>
    </ClInclude>
    <ClInclude Include="..\..\external\rapidjson\internal\swap.h">
      <Filter>external\rapidjson</Filter>
    </ClInclude>
    <ClInclude Include="..\..\external\rapidjson\msinttypes\inttypes.h">
      <Filter>external\rapidjson</Filter>
    </ClInclude>
    <ClInclude Include="..\..\external\rapidjson\msinttypes\stdint.h">
      <Filter>external\rapidjson</Filter>
    </ClInclude>
    <ClInclude Include="src\common\StringUtil.h">
      <Filter>src\common</Filter>
    </ClInclude>
    <ClInclude Include="src\common\LogManager.h">
      <Filter>src\common</Filter>
    </ClInclude>
    <ClInclude Include="src\common\Singleton.h">
      <Filter>src\common</Filter>
    </ClInclude>
    <ClInclude Include="src\context\Context.h">
      <Filter>src\context</Filter>
    </ClInclude>
    <ClInclude Include="src\renderer\OGLRenderer.h">
      <Filter>src\renderer</Filter>
    </ClInclude>
    <ClInclude Include="src\common\Clock.h">
      <Filter>src\common</Filter>
    </ClInclude>
    <ClInclude Include="src\common\Global.h">
      <Filter>src\common</Filter>
    </ClInclude>
    <ClInclude Include="..\..\external\GL\include\glad\glad.h">
      <Filter>external\glad</Filter>
    </ClInclude>
    <ClInclude Include="..\..\external\GL\include\KHR\khrplatform.h">
      <Filter>external\glad</Filter>
    </ClInclude>
    <ClInclude Include="src\renderer\VertexLayout.h">
      <Filter>src\renderer</Filter>
    </ClInclude>
    <ClInclude Include="src\renderer\Mesh.h">
      <Filter>src\renderer</Filter>
    </ClInclude>
    <ClInclude Include="src\renderer\SubMesh.h">
      <Filter>src\renderer</Filter>
    </ClInclude>
    <ClInclude Include="src\common\FileHelper.h">
      <Filter>src\common</Filter>
    </ClInclude>
    <ClInclude Include="src\renderer\Material.h">
      <Filter>src\renderer</Filter>
    </ClInclude>
    <ClInclude Include="src\renderer\Texture.h">
      <Filter>src\renderer</Filter>
    </ClInclude>
    <ClInclude Include="src\renderer\Shader.h">
      <Filter>src\renderer</Filter>
    </ClInclude>
    <ClInclude Include="src\common\Data.h">
      <Filter>src\common</Filter>
    </ClInclude>
    <ClInclude Include="..\..\external\stb\stb_image.h">
      <Filter>external\stb</Filter>
    </ClInclude>
    <ClInclude Include="..\..\external\stb\stb_image_write.h">
      <Filter>external\stb</Filter>
    </ClInclude>
    <ClInclude Include="src\renderer\Image.h">
      <Filter>src\renderer</Filter>
    </ClInclude>
    <ClInclude Include="src\renderer\OGLSupport.h">
      <Filter>src\renderer</Filter>
    </ClInclude>
    <ClInclude Include="src\common\FileIdentifer.h">
      <Filter>src\common</Filter>
    </ClInclude>
    <ClInclude Include="src\context\component\GameObject.h">
      <Filter>src\context\component</Filter>
    </ClInclude>
    <ClInclude Include="src\context\component\IComponent.h">
      <Filter>src\context\component</Filter>
    </ClInclude>
    <ClInclude Include="src\context\component\GameObjectFactory.h">
      <Filter>src\context\component</Filter>
    </ClInclude>
    <ClInclude Include="src\context\SceneManager.h">
      <Filter>src\context</Filter>
    </ClInclude>
    <ClInclude Include="src\context\TypeTraits.h">
      <Filter>src\context\component</Filter>
    </ClInclude>
    <ClInclude Include="src\context\AABB.h">
      <Filter>src\context</Filter>
    </ClInclude>
    <ClInclude Include="src\context\RenderGroup.h">
      <Filter>src\context</Filter>
    </ClInclude>
    <ClInclude Include="src\context\RenderGroupMap.h">
      <Filter>src\context</Filter>
    </ClInclude>
    <ClInclude Include="src\context\RenderQueue.h">
      <Filter>src\context</Filter>
    </ClInclude>
    <ClInclude Include="src\renderer\RenderOperation.h">
      <Filter>src\renderer</Filter>
    </ClInclude>
    <ClInclude Include="src\context\RenderObject.h">
      <Filter>src\context</Filter>
    </ClInclude>
    <ClInclude Include="src\context\MeshRenderer.h">
      <Filter>src\context</Filter>
    </ClInclude>
    <ClInclude Include="src\context\IRenderer.h">
      <Filter>src\context</Filter>
    </ClInclude>
    <ClInclude Include="src\context\SceneNode.h">
      <Filter>src\context</Filter>
    </ClInclude>
    <ClInclude Include="src\context\Camera.h">
      <Filter>src\context</Filter>
    </ClInclude>
    <ClInclude Include="src\context\Light.h">
      <Filter>src\context</Filter>
    </ClInclude>
    <ClInclude Include="src\context\PointLight.h">
      <Filter>src\context</Filter>
    </ClInclude>
    <ClInclude Include="src\context\LightSystem.h">
      <Filter>src\context</Filter>
    </ClInclude>
    <ClInclude Include="src\renderer\FrameBufferObject.h">
      <Filter>src\renderer</Filter>
    </ClInclude>
    <ClInclude Include="src\resources\Resources.h">
      <Filter>src\resources</Filter>
    </ClInclude>
    <ClInclude Include="src\resources\TextureLoadDesc.h">
      <Filter>src\resources</Filter>
    </ClInclude>
    <ClInclude Include="src\resources\MeshLoadDesc.h">
      <Filter>src\resources</Filter>
    </ClInclude>
    <ClInclude Include="src\renderer\RenderTexture.h">
      <Filter>src\renderer</Filter>
    </ClInclude>
    <ClInclude Include="src\resources\ShaderLoadDesc.h">
      <Filter>src\resources</Filter>
    </ClInclude>
    <ClInclude Include="src\common\Util.h">
      <Filter>src\common</Filter>
    </ClInclude>
    <ClInclude Include="src\resources\MaterialLoadDesc.h">
      <Filter>src\resources</Filter>
    </ClInclude>
    <ClInclude Include="src\resources\ResLoadDesc.h">
      <Filter>src\resources</Filter>
    </ClInclude>
    <ClInclude Include="src\renderer\ShaderType.h">
      <Filter>src\renderer</Filter>
    </ClInclude>
    <ClInclude Include="src\app\Aurora.h">
      <Filter>src\app</Filter>
    </ClInclude>
    <ClInclude Include="src\context\DirectionalLight.h">
      <Filter>src\context</Filter>
    </ClInclude>
  </ItemGroup>
  <ItemGroup>
    <ClCompile Include="src\app\App3D.cpp">
      <Filter>src\app</Filter>
    </ClCompile>
    <ClCompile Include="src\main.cpp">
      <Filter>src</Filter>
    </ClCompile>
    <ClCompile Include="src\platform\Window.cpp">
      <Filter>src\platform</Filter>
    </ClCompile>
    <ClCompile Include="src\platform\OGLDeviceContext.cpp">
      <Filter>src\platform</Filter>
    </ClCompile>
    <ClCompile Include="src\common\Config.cpp">
      <Filter>src\common</Filter>
    </ClCompile>
    <ClCompile Include="src\common\LogManager.cpp">
      <Filter>src\common</Filter>
    </ClCompile>
    <ClCompile Include="src\context\Context.cpp">
      <Filter>src\context</Filter>
    </ClCompile>
    <ClCompile Include="src\renderer\OGLRenderer.cpp">
      <Filter>src\renderer</Filter>
    </ClCompile>
    <ClCompile Include="src\renderer\OpenGLSrc.cpp">
      <Filter>src\renderer</Filter>
    </ClCompile>
    <ClCompile Include="src\common\Clock.cpp">
      <Filter>src\common</Filter>
    </ClCompile>
    <ClCompile Include="src\common\Global.cpp">
      <Filter>src\common</Filter>
    </ClCompile>
    <ClCompile Include="..\..\external\GL\src\glad.c">
      <Filter>external\glad</Filter>
    </ClCompile>
    <ClCompile Include="src\common\FileHelper.cpp">
      <Filter>src\common</Filter>
    </ClCompile>
    <ClCompile Include="src\renderer\Material.cpp">
      <Filter>src\renderer</Filter>
    </ClCompile>
    <ClCompile Include="src\renderer\Mesh.cpp">
      <Filter>src\renderer</Filter>
    </ClCompile>
    <ClCompile Include="src\renderer\Texture.cpp">
      <Filter>src\renderer</Filter>
    </ClCompile>
    <ClCompile Include="src\renderer\Shader.cpp">
      <Filter>src\renderer</Filter>
    </ClCompile>
    <ClCompile Include="src\common\Data.cpp">
      <Filter>src\common</Filter>
    </ClCompile>
    <ClCompile Include="src\common\VertexLayout.cpp">
      <Filter>src\renderer</Filter>
    </ClCompile>
    <ClCompile Include="src\renderer\SubMesh.cpp">
      <Filter>src\renderer</Filter>
    </ClCompile>
    <ClCompile Include="src\renderer\Image.cpp">
      <Filter>src\renderer</Filter>
    </ClCompile>
    <ClCompile Include="src\context\component\GameObject.cpp">
      <Filter>src\context\component</Filter>
    </ClCompile>
    <ClCompile Include="src\context\component\IComponent.cpp">
      <Filter>src\context\component</Filter>
    </ClCompile>
    <ClCompile Include="src\context\component\GameObjectFactory.cpp">
      <Filter>src\context\component</Filter>
    </ClCompile>
    <ClCompile Include="src\context\SceneManager.cpp">
      <Filter>src\context</Filter>
    </ClCompile>
    <ClCompile Include="src\context\AABB.cpp">
      <Filter>src\context</Filter>
    </ClCompile>
    <ClCompile Include="src\context\RenderGroup.cpp">
      <Filter>src\context</Filter>
    </ClCompile>
    <ClCompile Include="src\context\RenderGroupMap.cpp">
      <Filter>src\context</Filter>
    </ClCompile>
    <ClCompile Include="src\context\RenderQueue.cpp">
      <Filter>src\context</Filter>
    </ClCompile>
    <ClCompile Include="src\context\RenderObject.cpp">
      <Filter>src\context</Filter>
    </ClCompile>
    <ClCompile Include="src\context\MeshRenderer.cpp">
      <Filter>src\context</Filter>
    </ClCompile>
    <ClCompile Include="src\context\SceneNode.cpp">
      <Filter>src\context</Filter>
    </ClCompile>
    <ClCompile Include="src\context\Camera.cpp">
      <Filter>src\context</Filter>
    </ClCompile>
    <ClCompile Include="src\context\PointLight.cpp">
      <Filter>src\context</Filter>
    </ClCompile>
    <ClCompile Include="src\context\Light.cpp">
      <Filter>src\context</Filter>
    </ClCompile>
    <ClCompile Include="src\renderer\LightSystem.cpp">
      <Filter>src\context</Filter>
    </ClCompile>
    <ClCompile Include="src\renderer\FrameBufferObject.cpp">
      <Filter>src\renderer</Filter>
    </ClCompile>
    <ClCompile Include="src\resources\ResLoadDesc.cpp">
      <Filter>src\resources</Filter>
    </ClCompile>
    <ClCompile Include="src\resources\Resources.cpp">
      <Filter>src\resources</Filter>
    </ClCompile>
    <ClCompile Include="src\resources\TextureLoadDesc.cpp">
      <Filter>src\resources</Filter>
    </ClCompile>
    <ClCompile Include="src\resources\MeshLoadDesc.cpp">
      <Filter>src\resources</Filter>
    </ClCompile>
    <ClCompile Include="src\renderer\RenderTexture.cpp">
      <Filter>src\renderer</Filter>
    </ClCompile>
    <ClCompile Include="src\resources\ShaderLoadDesc.cpp">
      <Filter>src\resources</Filter>
    </ClCompile>
    <ClCompile Include="src\resources\MaterialLoadDesc.cpp">
      <Filter>src\resources</Filter>
    </ClCompile>
    <ClCompile Include="src\context\DirectionalLight.cpp">
      <Filter>src\context</Filter>
    </ClCompile>
  </ItemGroup>
</Project>